
Microsoft Visual Studio Solution File, Format Version 12.00
# Visual Studio 15
VisualStudioVersion = 15.0.28307.779
MinimumVisualStudioVersion = 10.0.40219.1
Project("{FAE04EC0-301F-11D3-BF4B-00C04F79EFBC}") = "oop", "oop\oop.csproj", "{296EBDA0-AB96-4C74-8172-12876E6E427E}"
EndProject
Global
	GlobalSection(SolutionConfigurationPlatforms) = preSolution
		Debug|Any CPU = Debug|Any CPU
		Release|Any CPU = Release|Any CPU
	EndGlobalSection
	GlobalSection(ProjectConfigurationPlatforms) = postSolution
		{296EBDA0-AB96-4C74-8172-12876E6E427E}.Debug|Any CPU.ActiveCfg = Debug|Any CPU
		{296EBDA0-AB96-4C74-8172-12876E6E427E}.Debug|Any CPU.Build.0 = Debug|Any CPU
		{296EBDA0-AB96-4C74-8172-12876E6E427E}.Release|Any CPU.ActiveCfg = Release|Any CPU
		{296EBDA0-AB96-4C74-8172-12876E6E427E}.Release|Any CPU.Build.0 = Release|Any CPU
	EndGlobalSection
	GlobalSection(SolutionProperties) = preSolution
		HideSolutionNode = FALSE
	EndGlobalSection
	GlobalSection(ExtensibilityGlobals) = postSolution
		SolutionGuid = {AFB509DF-2824-4D9A-A418-1D59806D2F1C}
	EndGlobalSection
EndGlobal
